// !$*UTF8*$!
{
	archiveVersion = 1;
	classes = {
	};
	objectVersion = 46;
	objects = {

/* Begin PBXBuildFile section */
		29221D021BC4FEAF00674D18 /* BlogPost.m in Sources */ = {isa = PBXBuildFile; fileRef = 29221D011BC4FEAF00674D18 /* BlogPost.m */; settings = {ASSET_TAGS = (); }; };
		294A7B8C1BC2415600BC17C5 /* main.m in Sources */ = {isa = PBXBuildFile; fileRef = 294A7B8B1BC2415600BC17C5 /* main.m */; };
		294A7B8F1BC2415600BC17C5 /* AppDelegate.m in Sources */ = {isa = PBXBuildFile; fileRef = 294A7B8E1BC2415600BC17C5 /* AppDelegate.m */; };
		294A7B911BC2415600BC17C5 /* Assets.xcassets in Resources */ = {isa = PBXBuildFile; fileRef = 294A7B901BC2415600BC17C5 /* Assets.xcassets */; };
		294A7B941BC2415600BC17C5 /* LaunchScreen.storyboard in Resources */ = {isa = PBXBuildFile; fileRef = 294A7B921BC2415600BC17C5 /* LaunchScreen.storyboard */; };
		294A7B9F1BC2415600BC17C5 /* BlogReaderTests.m in Sources */ = {isa = PBXBuildFile; fileRef = 294A7B9E1BC2415600BC17C5 /* BlogReaderTests.m */; };
		294A7BAA1BC2415600BC17C5 /* BlogReaderUITests.m in Sources */ = {isa = PBXBuildFile; fileRef = 294A7BA91BC2415600BC17C5 /* BlogReaderUITests.m */; };
		294A7BB81BC241A900BC17C5 /* MainStoryboard.storyboard in Resources */ = {isa = PBXBuildFile; fileRef = 294A7BB71BC241A900BC17C5 /* MainStoryboard.storyboard */; settings = {ASSET_TAGS = (); }; };
		294A7BC11BC2443900BC17C5 /* TableViewController.m in Sources */ = {isa = PBXBuildFile; fileRef = 294A7BC01BC2443900BC17C5 /* TableViewController.m */; settings = {ASSET_TAGS = (); }; };
		295DD3DB1BCB68D000B57065 /* ct-symbol.jpg in Resources */ = {isa = PBXBuildFile; fileRef = 295DD3DA1BCB68D000B57065 /* ct-symbol.jpg */; settings = {ASSET_TAGS = (); }; };
		29F2D2291BCBB27600AFBC68 /* WebViewController.m in Sources */ = {isa = PBXBuildFile; fileRef = 29F2D2281BCBB27600AFBC68 /* WebViewController.m */; settings = {ASSET_TAGS = (); }; };
/* End PBXBuildFile section */

/* Begin PBXContainerItemProxy section */
		294A7B9B1BC2415600BC17C5 /* PBXContainerItemProxy */ = {
			isa = PBXContainerItemProxy;
			containerPortal = 294A7B7F1BC2415600BC17C5 /* Project object */;
			proxyType = 1;
			remoteGlobalIDString = 294A7B861BC2415600BC17C5;
			remoteInfo = BlogReader;
		};
		294A7BA61BC2415600BC17C5 /* PBXContainerItemProxy */ = {
			isa = PBXContainerItemProxy;
			containerPortal = 294A7B7F1BC2415600BC17C5 /* Project object */;
			proxyType = 1;
			remoteGlobalIDString = 294A7B861BC2415600BC17C5;
			remoteInfo = BlogReader;
		};
/* End PBXContainerItemProxy section */

/* Begin PBXFileReference section */
		29221D001BC4FEAF00674D18 /* BlogPost.h */ = {isa = PBXFileReference; fileEncoding = 4; lastKnownFileType = sourcecode.c.h; path = BlogPost.h; sourceTree = "<group>"; };
		29221D011BC4FEAF00674D18 /* BlogPost.m */ = {isa = PBXFileReference; fileEncoding = 4; lastKnownFileType = sourcecode.c.objc; path = BlogPost.m; sourceTree = "<group>"; };
		294A7B871BC2415600BC17C5 /* BlogReader.app */ = {isa = PBXFileReference; explicitFileType = wrapper.application; includeInIndex = 0; path = BlogReader.app; sourceTree = BUILT_PRODUCTS_DIR; };
		294A7B8B1BC2415600BC17C5 /* main.m */ = {isa = PBXFileReference; lastKnownFileType = sourcecode.c.objc; path = main.m; sourceTree = "<group>"; };
		294A7B8D1BC2415600BC17C5 /* AppDelegate.h */ = {isa = PBXFileReference; lastKnownFileType = sourcecode.c.h; path = AppDelegate.h; sourceTree = "<group>"; };
		294A7B8E1BC2415600BC17C5 /* AppDelegate.m */ = {isa = PBXFileReference; lastKnownFileType = sourcecode.c.objc; path = AppDelegate.m; sourceTree = "<group>"; };
		294A7B901BC2415600BC17C5 /* Assets.xcassets */ = {isa = PBXFileReference; lastKnownFileType = folder.assetcatalog; path = Assets.xcassets; sourceTree = "<group>"; };
		294A7B931BC2415600BC17C5 /* Base */ = {isa = PBXFileReference; lastKnownFileType = file.storyboard; name = Base; path = Base.lproj/LaunchScreen.storyboard; sourceTree = "<group>"; };
		294A7B951BC2415600BC17C5 /* Info.plist */ = {isa = PBXFileReference; lastKnownFileType = text.plist.xml; path = Info.plist; sourceTree = "<group>"; };
		294A7B9A1BC2415600BC17C5 /* BlogReaderTests.xctest */ = {isa = PBXFileReference; explicitFileType = wrapper.cfbundle; includeInIndex = 0; path = BlogReaderTests.xctest; sourceTree = BUILT_PRODUCTS_DIR; };
		294A7B9E1BC2415600BC17C5 /* BlogReaderTests.m */ = {isa = PBXFileReference; lastKnownFileType = sourcecode.c.objc; path = BlogReaderTests.m; sourceTree = "<group>"; };
		294A7BA01BC2415600BC17C5 /* Info.plist */ = {isa = PBXFileReference; lastKnownFileType = text.plist.xml; path = Info.plist; sourceTree = "<group>"; };
		294A7BA51BC2415600BC17C5 /* BlogReaderUITests.xctest */ = {isa = PBXFileReference; explicitFileType = wrapper.cfbundle; includeInIndex = 0; path = BlogReaderUITests.xctest; sourceTree = BUILT_PRODUCTS_DIR; };
		294A7BA91BC2415600BC17C5 /* BlogReaderUITests.m */ = {isa = PBXFileReference; lastKnownFileType = sourcecode.c.objc; path = BlogReaderUITests.m; sourceTree = "<group>"; };
		294A7BAB1BC2415600BC17C5 /* Info.plist */ = {isa = PBXFileReference; lastKnownFileType = text.plist.xml; path = Info.plist; sourceTree = "<group>"; };
		294A7BB71BC241A900BC17C5 /* MainStoryboard.storyboard */ = {isa = PBXFileReference; fileEncoding = 4; lastKnownFileType = file.storyboard; path = MainStoryboard.storyboard; sourceTree = "<group>"; };
		294A7BBF1BC2443900BC17C5 /* TableViewController.h */ = {isa = PBXFileReference; fileEncoding = 4; lastKnownFileType = sourcecode.c.h; name = TableViewController.h; path = ../TableViewController.h; sourceTree = "<group>"; };
		294A7BC01BC2443900BC17C5 /* TableViewController.m */ = {isa = PBXFileReference; fileEncoding = 4; lastKnownFileType = sourcecode.c.objc; name = TableViewController.m; path = ../TableViewController.m; sourceTree = "<group>"; };
		295DD3DA1BCB68D000B57065 /* ct-symbol.jpg */ = {isa = PBXFileReference; lastKnownFileType = image.jpeg; path = "ct-symbol.jpg"; sourceTree = "<group>"; };
		29F2D2271BCBB27600AFBC68 /* WebViewController.h */ = {isa = PBXFileReference; fileEncoding = 4; lastKnownFileType = sourcecode.c.h; path = WebViewController.h; sourceTree = "<group>"; };
		29F2D2281BCBB27600AFBC68 /* WebViewController.m */ = {isa = PBXFileReference; fileEncoding = 4; lastKnownFileType = sourcecode.c.objc; path = WebViewController.m; sourceTree = "<group>"; };
/* End PBXFileReference section */

/* Begin PBXFrameworksBuildPhase section */
		294A7B841BC2415600BC17C5 /* Frameworks */ = {
			isa = PBXFrameworksBuildPhase;
			buildActionMask = 2147483647;
			files = (
			);
			runOnlyForDeploymentPostprocessing = 0;
		};
		294A7B971BC2415600BC17C5 /* Frameworks */ = {
			isa = PBXFrameworksBuildPhase;
			buildActionMask = 2147483647;
			files = (
			);
			runOnlyForDeploymentPostprocessing = 0;
		};
		294A7BA21BC2415600BC17C5 /* Frameworks */ = {
			isa = PBXFrameworksBuildPhase;
			buildActionMask = 2147483647;
			files = (
			);
			runOnlyForDeploymentPostprocessing = 0;
		};
/* End PBXFrameworksBuildPhase section */

/* Begin PBXGroup section */
		294A7B7E1BC2415600BC17C5 = {
			isa = PBXGroup;
			children = (
				294A7B891BC2415600BC17C5 /* BlogReader */,
				294A7B9D1BC2415600BC17C5 /* BlogReaderTests */,
				294A7BA81BC2415600BC17C5 /* BlogReaderUITests */,
				294A7B881BC2415600BC17C5 /* Products */,
			);
			sourceTree = "<group>";
		};
		294A7B881BC2415600BC17C5 /* Products */ = {
			isa = PBXGroup;
			children = (
				294A7B871BC2415600BC17C5 /* BlogReader.app */,
				294A7B9A1BC2415600BC17C5 /* BlogReaderTests.xctest */,
				294A7BA51BC2415600BC17C5 /* BlogReaderUITests.xctest */,
			);
			name = Products;
			sourceTree = "<group>";
		};
		294A7B891BC2415600BC17C5 /* BlogReader */ = {
			isa = PBXGroup;
			children = (
				294A7B8D1BC2415600BC17C5 /* AppDelegate.h */,
				294A7B8E1BC2415600BC17C5 /* AppDelegate.m */,
				294A7B901BC2415600BC17C5 /* Assets.xcassets */,
				294A7B921BC2415600BC17C5 /* LaunchScreen.storyboard */,
				294A7B951BC2415600BC17C5 /* Info.plist */,
				294A7BBF1BC2443900BC17C5 /* TableViewController.h */,
				294A7BC01BC2443900BC17C5 /* TableViewController.m */,
				29221D001BC4FEAF00674D18 /* BlogPost.h */,
				29221D011BC4FEAF00674D18 /* BlogPost.m */,
				29F2D2271BCBB27600AFBC68 /* WebViewController.h */,
				29F2D2281BCBB27600AFBC68 /* WebViewController.m */,
				294A7B8A1BC2415600BC17C5 /* Supporting Files */,
				294A7BB71BC241A900BC17C5 /* MainStoryboard.storyboard */,
			);
			path = BlogReader;
			sourceTree = "<group>";
		};
		294A7B8A1BC2415600BC17C5 /* Supporting Files */ = {
			isa = PBXGroup;
			children = (
				295DD3DA1BCB68D000B57065 /* ct-symbol.jpg */,
				294A7B8B1BC2415600BC17C5 /* main.m */,
			);
			name = "Supporting Files";
			sourceTree = "<group>";
		};
		294A7B9D1BC2415600BC17C5 /* BlogReaderTests */ = {
			isa = PBXGroup;
			children = (
				294A7B9E1BC2415600BC17C5 /* BlogReaderTests.m */,
				294A7BA01BC2415600BC17C5 /* Info.plist */,
			);
			path = BlogReaderTests;
			sourceTree = "<group>";
		};
		294A7BA81BC2415600BC17C5 /* BlogReaderUITests */ = {
			isa = PBXGroup;
			children = (
				294A7BA91BC2415600BC17C5 /* BlogReaderUITests.m */,
				294A7BAB1BC2415600BC17C5 /* Info.plist */,
			);
			path = BlogReaderUITests;
			sourceTree = "<group>";
		};
/* End PBXGroup section */

/* Begin PBXNativeTarget section */
		294A7B861BC2415600BC17C5 /* BlogReader */ = {
			isa = PBXNativeTarget;
			buildConfigurationList = 294A7BAE1BC2415600BC17C5 /* Build configuration list for PBXNativeTarget "BlogReader" */;
			buildPhases = (
				294A7B831BC2415600BC17C5 /* Sources */,
				294A7B841BC2415600BC17C5 /* Frameworks */,
				294A7B851BC2415600BC17C5 /* Resources */,
			);
			buildRules = (
			);
			dependencies = (
			);
			name = BlogReader;
			productName = BlogReader;
			productReference = 294A7B871BC2415600BC17C5 /* BlogReader.app */;
			productType = "com.apple.product-type.application";
		};
		294A7B991BC2415600BC17C5 /* BlogReaderTests */ = {
			isa = PBXNativeTarget;
			buildConfigurationList = 294A7BB11BC2415600BC17C5 /* Build configuration list for PBXNativeTarget "BlogReaderTests" */;
			buildPhases = (
				294A7B961BC2415600BC17C5 /* Sources */,
				294A7B971BC2415600BC17C5 /* Frameworks */,
				294A7B981BC2415600BC17C5 /* Resources */,
			);
			buildRules = (
			);
			dependencies = (
				294A7B9C1BC2415600BC17C5 /* PBXTargetDependency */,
			);
			name = BlogReaderTests;
			productName = BlogReaderTests;
			productReference = 294A7B9A1BC2415600BC17C5 /* BlogReaderTests.xctest */;
			productType = "com.apple.product-type.bundle.unit-test";
		};
		294A7BA41BC2415600BC17C5 /* BlogReaderUITests */ = {
			isa = PBXNativeTarget;
			buildConfigurationList = 294A7BB41BC2415600BC17C5 /* Build configuration list for PBXNativeTarget "BlogReaderUITests" */;
			buildPhases = (
				294A7BA11BC2415600BC17C5 /* Sources */,
				294A7BA21BC2415600BC17C5 /* Frameworks */,
				294A7BA31BC2415600BC17C5 /* Resources */,
			);
			buildRules = (
			);
			dependencies = (
				294A7BA71BC2415600BC17C5 /* PBXTargetDependency */,
			);
			name = BlogReaderUITests;
			productName = BlogReaderUITests;
			productReference = 294A7BA51BC2415600BC17C5 /* BlogReaderUITests.xctest */;
			productType = "com.apple.product-type.bundle.ui-testing";
		};
/* End PBXNativeTarget section */

/* Begin PBXProject section */
		294A7B7F1BC2415600BC17C5 /* Project object */ = {
			isa = PBXProject;
			attributes = {
				LastUpgradeCheck = 0700;
				ORGANIZATIONNAME = "Samer Rohani";
				TargetAttributes = {
					294A7B861BC2415600BC17C5 = {
						CreatedOnToolsVersion = 7.0.1;
						DevelopmentTeam = Z38ALDX4R8;
					};
					294A7B991BC2415600BC17C5 = {
						CreatedOnToolsVersion = 7.0.1;
						DevelopmentTeam = Z38ALDX4R8;
						TestTargetID = 294A7B861BC2415600BC17C5;
					};
					294A7BA41BC2415600BC17C5 = {
						CreatedOnToolsVersion = 7.0.1;
						DevelopmentTeam = Z38ALDX4R8;
						TestTargetID = 294A7B861BC2415600BC17C5;
					};
				};
			};
			buildConfigurationList = 294A7B821BC2415600BC17C5 /* Build configuration list for PBXProject "BlogReader" */;
			compatibilityVersion = "Xcode 3.2";
			developmentRegion = English;
			hasScannedForEncodings = 0;
			knownRegions = (
				en,
				Base,
			);
			mainGroup = 294A7B7E1BC2415600BC17C5;
			productRefGroup = 294A7B881BC2415600BC17C5 /* Products */;
			projectDirPath = "";
			projectRoot = "";
			targets = (
				294A7B861BC2415600BC17C5 /* BlogReader */,
				294A7B991BC2415600BC17C5 /* BlogReaderTests */,
				294A7BA41BC2415600BC17C5 /* BlogReaderUITests */,
			);
		};
/* End PBXProject section */

/* Begin PBXResourcesBuildPhase section */
		294A7B851BC2415600BC17C5 /* Resources */ = {
			isa = PBXResourcesBuildPhase;
			buildActionMask = 2147483647;
			files = (
				294A7BB81BC241A900BC17C5 /* MainStoryboard.storyboard in Resources */,
				294A7B911BC2415600BC17C5 /* Assets.xcassets in Resources */,
				295DD3DB1BCB68D000B57065 /* ct-symbol.jpg in Resources */,
				294A7B941BC2415600BC17C5 /* LaunchScreen.storyboard in Resources */,
			);
			runOnlyForDeploymentPostprocessing = 0;
		};
		294A7B981BC2415600BC17C5 /* Resources */ = {
			isa = PBXResourcesBuildPhase;
			buildActionMask = 2147483647;
			files = (
			);
			runOnlyForDeploymentPostprocessing = 0;
		};
		294A7BA31BC2415600BC17C5 /* Resources */ = {
			isa = PBXResourcesBuildPhase;
			buildActionMask = 2147483647;
			files = (
			);
			runOnlyForDeploymentPostprocessing = 0;
		};
/* End PBXResourcesBuildPhase section */

/* Begin PBXSourcesBuildPhase section */
		294A7B831BC2415600BC17C5 /* Sources */ = {
			isa = PBXSourcesBuildPhase;
			buildActionMask = 2147483647;
			files = (
				294A7B8F1BC2415600BC17C5 /* AppDelegate.m in Sources */,
				29F2D2291BCBB27600AFBC68 /* WebViewController.m in Sources */,
				294A7BC11BC2443900BC17C5 /* TableViewController.m in Sources */,
				294A7B8C1BC2415600BC17C5 /* main.m in Sources */,
				29221D021BC4FEAF00674D18 /* BlogPost.m in Sources */,
			);
			runOnlyForDeploymentPostprocessing = 0;
		};
		294A7B961BC2415600BC17C5 /* Sources */ = {
			isa = PBXSourcesBuildPhase;
			buildActionMask = 2147483647;
			files = (
				294A7B9F1BC2415600BC17C5 /* BlogReaderTests.m in Sources */,
			);
			runOnlyForDeploymentPostprocessing = 0;
		};
		294A7BA11BC2415600BC17C5 /* Sources */ = {
			isa = PBXSourcesBuildPhase;
			buildActionMask = 2147483647;
			files = (
				294A7BAA1BC2415600BC17C5 /* BlogReaderUITests.m in Sources */,
			);
			runOnlyForDeploymentPostprocessing = 0;
		};
/* End PBXSourcesBuildPhase section */

/* Begin PBXTargetDependency section */
		294A7B9C1BC2415600BC17C5 /* PBXTargetDependency */ = {
			isa = PBXTargetDependency;
			target = 294A7B861BC2415600BC17C5 /* BlogReader */;
			targetProxy = 294A7B9B1BC2415600BC17C5 /* PBXContainerItemProxy */;
		};
		294A7BA71BC2415600BC17C5 /* PBXTargetDependency */ = {
			isa = PBXTargetDependency;
			target = 294A7B861BC2415600BC17C5 /* BlogReader */;
			targetProxy = 294A7BA61BC2415600BC17C5 /* PBXContainerItemProxy */;
		};
/* End PBXTargetDependency section */

/* Begin PBXVariantGroup section */
		294A7B921BC2415600BC17C5 /* LaunchScreen.storyboard */ = {
			isa = PBXVariantGroup;
			children = (
				294A7B931BC2415600BC17C5 /* Base */,
			);
			name = LaunchScreen.storyboard;
			sourceTree = "<group>";
		};
/* End PBXVariantGroup section */

/* Begin XCBuildConfiguration section */
		294A7BAC1BC2415600BC17C5 /* Debug */ = {
			isa = XCBuildConfiguration;
			buildSettings = {
				ALWAYS_SEARCH_USER_PATHS = NO;
				CLANG_CXX_LANGUAGE_STANDARD = "gnu++0x";
				CLANG_CXX_LIBRARY = "libc++";
				CLANG_ENABLE_MODULES = YES;
				CLANG_ENABLE_OBJC_ARC = YES;
				CLANG_WARN_BOOL_CONVERSION = YES;
				CLANG_WARN_CONSTANT_CONVERSION = YES;
				CLANG_WARN_DIRECT_OBJC_ISA_USAGE = YES_ERROR;
				CLANG_WARN_EMPTY_BODY = YES;
				CLANG_WARN_ENUM_CONVERSION = YES;
				CLANG_WARN_INT_CONVERSION = YES;
				CLANG_WARN_OBJC_ROOT_CLASS = YES_ERROR;
				CLANG_WARN_UNREACHABLE_CODE = YES;
				CLANG_WARN__DUPLICATE_METHOD_MATCH = YES;
				"CODE_SIGN_IDENTITY[sdk=iphoneos*]" = "iPhone Developer";
				COPY_PHASE_STRIP = NO;
				DEBUG_INFORMATION_FORMAT = dwarf;
				ENABLE_STRICT_OBJC_MSGSEND = YES;
				ENABLE_TESTABILITY = YES;
				GCC_C_LANGUAGE_STANDARD = gnu99;
				GCC_DYNAMIC_NO_PIC = NO;
				GCC_NO_COMMON_BLOCKS = YES;
				GCC_OPTIMIZATION_LEVEL = 0;
				GCC_PREPROCESSOR_DEFINITIONS = (
					"DEBUG=1",
					"$(inherited)",
				);
				GCC_WARN_64_TO_32_BIT_CONVERSION = YES;
				GCC_WARN_ABOUT_RETURN_TYPE = YES_ERROR;
				GCC_WARN_UNDECLARED_SELECTOR = YES;
				GCC_WARN_UNINITIALIZED_AUTOS = YES_AGGRESSIVE;
				GCC_WARN_UNUSED_FUNCTION = YES;
				GCC_WARN_UNUSED_VARIABLE = YES;
				IPHONEOS_DEPLOYMENT_TARGET = 9.0;
				MTL_ENABLE_DEBUG_INFO = YES;
				ONLY_ACTIVE_ARCH = YES;
				SDKROOT = iphoneos;
			};
			name = Debug;
		};
		294A7BAD1BC2415600BC17C5 /* Release */ = {
			isa = XCBuildConfiguration;
			buildSettings = {
				ALWAYS_SEARCH_USER_PATHS = NO;
				CLANG_CXX_LANGUAGE_STANDARD = "gnu++0x";
				CLANG_CXX_LIBRARY = "libc++";
				CLANG_ENABLE_MODULES = YES;
				CLANG_ENABLE_OBJC_ARC = YES;
				CLANG_WARN_BOOL_CONVERSION = YES;
				CLANG_WARN_CONSTANT_CONVERSION = YES;
				CLANG_WARN_DIRECT_OBJC_ISA_USAGE = YES_ERROR;
				CLANG_WARN_EMPTY_BODY = YES;
				CLANG_WARN_ENUM_CONVERSION = YES;
				CLANG_WARN_INT_CONVERSION = YES;
				CLANG_WARN_OBJC_ROOT_CLASS = YES_ERROR;
				CLANG_WARN_UNREACHABLE_CODE = YES;
				CLANG_WARN__DUPLICATE_METHOD_MATCH = YES;
				"CODE_SIGN_IDENTITY[sdk=iphoneos*]" = "iPhone Developer";
				COPY_PHASE_STRIP = NO;
				DEBUG_INFORMATION_FORMAT = "dwarf-with-dsym";
				ENABLE_NS_ASSERTIONS = NO;
				ENABLE_STRICT_OBJC_MSGSEND = YES;
				GCC_C_LANGUAGE_STANDARD = gnu99;
				GCC_NO_COMMON_BLOCKS = YES;
				GCC_WARN_64_TO_32_BIT_CONVERSION = YES;
				GCC_WARN_ABOUT_RETURN_TYPE = YES_ERROR;
				GCC_WARN_UNDECLARED_SELECTOR = YES;
				GCC_WARN_UNINITIALIZED_AUTOS = YES_AGGRESSIVE;
				GCC_WARN_UNUSED_FUNCTION = YES;
				GCC_WARN_UNUSED_VARIABLE = YES;
				IPHONEOS_DEPLOYMENT_TARGET = 9.0;
				MTL_ENABLE_DEBUG_INFO = NO;
				SDKROOT = iphoneos;
				VALIDATE_PRODUCT = YES;
			};
			name = Release;
		};
		294A7BAF1BC2415600BC17C5 /* Debug */ = {
			isa = XCBuildConfiguration;
			buildSettings = {
				ASSETCATALOG_COMPILER_APPICON_NAME = AppIcon;
				INFOPLIST_FILE = BlogReader/Info.plist;
				LD_RUNPATH_SEARCH_PATHS = "$(inherited) @executable_path/Frameworks";
				PRODUCT_BUNDLE_IDENTIFIER = com.srohani.BlogReader;
				PRODUCT_NAME = "$(TARGET_NAME)";
			};
			name = Debug;
		};
		294A7BB01BC2415600BC17C5 /* Release */ = {
			isa = XCBuildConfiguration;
			buildSettings = {
				ASSETCATALOG_COMPILER_APPICON_NAME = AppIcon;
				INFOPLIST_FILE = BlogReader/Info.plist;
				LD_RUNPATH_SEARCH_PATHS = "$(inherited) @executable_path/Frameworks";
				PRODUCT_BUNDLE_IDENTIFIER = com.srohani.BlogReader;
				PRODUCT_NAME = "$(TARGET_NAME)";
			};
			name = Release;
		};
		294A7BB21BC2415600BC17C5 /* Debug */ = {
			isa = XCBuildConfiguration;
			buildSettings = {
				BUNDLE_LOADER = "$(TEST_HOST)";
				INFOPLIST_FILE = BlogReaderTests/Info.plist;
				LD_RUNPATH_SEARCH_PATHS = "$(inherited) @executable_path/Frameworks @loader_path/Frameworks";
				PRODUCT_BUNDLE_IDENTIFIER = com.srohani.BlogReaderTests;
				PRODUCT_NAME = "$(TARGET_NAME)";
				TEST_HOST = "$(BUILT_PRODUCTS_DIR)/BlogReader.app/BlogReader";
			};
			name = Debug;
		};
		294A7BB31BC2415600BC17C5 /* Release */ = {
			isa = XCBuildConfiguration;
			buildSettings = {
				BUNDLE_LOADER = "$(TEST_HOST)";
				INFOPLIST_FILE = BlogReaderTests/Info.plist;
				LD_RUNPATH_SEARCH_PATHS = "$(inherited) @executable_path/Frameworks @loader_path/Frameworks";
				PRODUCT_BUNDLE_IDENTIFIER = com.srohani.BlogReaderTests;
				PRODUCT_NAME = "$(TARGET_NAME)";
				TEST_HOST = "$(BUILT_PRODUCTS_DIR)/BlogReader.app/BlogReader";
			};
			name = Release;
		};
		294A7BB51BC2415600BC17C5 /* Debug */ = {
			isa = XCBuildConfiguration;
			buildSettings = {
				INFOPLIST_FILE = BlogReaderUITests/Info.plist;
				LD_RUNPATH_SEARCH_PATHS = "$(inherited) @executable_path/Frameworks @loader_path/Frameworks";
				PRODUCT_BUNDLE_IDENTIFIER = com.srohani.BlogReaderUITests;
				PRODUCT_NAME = "$(TARGET_NAME)";
				TEST_TARGET_NAME = BlogReader;
				USES_XCTRUNNER = YES;
			};
			name = Debug;
		};
		294A7BB61BC2415600BC17C5 /* Release */ = {
			isa = XCBuildConfiguration;
			buildSettings = {
				INFOPLIST_FILE = BlogReaderUITests/Info.plist;
				LD_RUNPATH_SEARCH_PATHS = "$(inherited) @executable_path/Frameworks @loader_path/Frameworks";
				PRODUCT_BUNDLE_IDENTIFIER = com.srohani.BlogReaderUITests;
				PRODUCT_NAME = "$(TARGET_NAME)";
				TEST_TARGET_NAME = BlogReader;
				USES_XCTRUNNER = YES;
			};
			name = Release;
		};
/* End XCBuildConfiguration section */

/* Begin XCConfigurationList section */
		294A7B821BC2415600BC17C5 /* Build configuration list for PBXProject "BlogReader" */ = {
			isa = XCConfigurationList;
			buildConfigurations = (
				294A7BAC1BC2415600BC17C5 /* Debug */,
				294A7BAD1BC2415600BC17C5 /* Release */,
			);
			defaultConfigurationIsVisible = 0;
			defaultConfigurationName = Release;
		};
		294A7BAE1BC2415600BC17C5 /* Build configuration list for PBXNativeTarget "BlogReader" */ = {
			isa = XCConfigurationList;
			buildConfigurations = (
				294A7BAF1BC2415600BC17C5 /* Debug */,
				294A7BB01BC2415600BC17C5 /* Release */,
			);
			defaultConfigurationIsVisible = 0;
			defaultConfigurationName = Release;
		};
		294A7BB11BC2415600BC17C5 /* Build configuration list for PBXNativeTarget "BlogReaderTests" */ = {
			isa = XCConfigurationList;
			buildConfigurations = (
				294A7BB21BC2415600BC17C5 /* Debug */,
				294A7BB31BC2415600BC17C5 /* Release */,
			);
			defaultConfigurationIsVisible = 0;
			defaultConfigurationName = Release;
		};
		294A7BB41BC2415600BC17C5 /* Build configuration list for PBXNativeTarget "BlogReaderUITests" */ = {
			isa = XCConfigurationList;
			buildConfigurations = (
				294A7BB51BC2415600BC17C5 /* Debug */,
				294A7BB61BC2415600BC17C5 /* Release */,
			);
			defaultConfigurationIsVisible = 0;
			defaultConfigurationName = Release;
		};
/* End XCConfigurationList section */
	};
	rootObject = 294A7B7F1BC2415600BC17C5 /* Project object */;
}
